
Microsoft Visual Studio Solution File, Format Version 12.00
# Visual Studio Version 17
VisualStudioVersion = 17.0.32112.339
MinimumVisualStudioVersion = 10.0.40219.1
Project("{FAE04EC0-301F-11D3-BF4B-00C04F79EFBC}") = "ImagenesXamarin.Android", "ImagenesXamarin\ImagenesXamarin.Android\ImagenesXamarin.Android.csproj", "{91922C5B-6E30-4E0E-A633-57D4843108F8}"
EndProject
Project("{FAE04EC0-301F-11D3-BF4B-00C04F79EFBC}") = "ImagenesXamarin.iOS", "ImagenesXamarin\ImagenesXamarin.iOS\ImagenesXamarin.iOS.csproj", "{31DB3518-639F-497F-B50A-21BC1FEBDEBB}"
EndProject
Project("{FAE04EC0-301F-11D3-BF4B-00C04F79EFBC}") = "ImagenesXamarin", "ImagenesXamarin\ImagenesXamarin\ImagenesXamarin.csproj", "{BDF24B6F-1C54-4B2F-AF85-0BD74336ED5D}"
EndProject
Global
	GlobalSection(SolutionConfigurationPlatforms) = preSolution
		Debug|Any CPU = Debug|Any CPU
		Debug|iPhone = Debug|iPhone
		Debug|iPhoneSimulator = Debug|iPhoneSimulator
		Release|Any CPU = Release|Any CPU
		Release|iPhone = Release|iPhone
		Release|iPhoneSimulator = Release|iPhoneSimulator
	EndGlobalSection
	GlobalSection(ProjectConfigurationPlatforms) = postSolution
		{91922C5B-6E30-4E0E-A633-57D4843108F8}.Debug|Any CPU.ActiveCfg = Debug|Any CPU
		{91922C5B-6E30-4E0E-A633-57D4843108F8}.Debug|Any CPU.Build.0 = Debug|Any CPU
		{91922C5B-6E30-4E0E-A633-57D4843108F8}.Debug|Any CPU.Deploy.0 = Debug|Any CPU
		{91922C5B-6E30-4E0E-A633-57D4843108F8}.Debug|iPhone.ActiveCfg = Debug|Any CPU
		{91922C5B-6E30-4E0E-A633-57D4843108F8}.Debug|iPhone.Build.0 = Debug|Any CPU
		{91922C5B-6E30-4E0E-A633-57D4843108F8}.Debug|iPhone.Deploy.0 = Debug|Any CPU
		{91922C5B-6E30-4E0E-A633-57D4843108F8}.Debug|iPhoneSimulator.ActiveCfg = Debug|Any CPU
		{91922C5B-6E30-4E0E-A633-57D4843108F8}.Debug|iPhoneSimulator.Build.0 = Debug|Any CPU
		{91922C5B-6E30-4E0E-A633-57D4843108F8}.Debug|iPhoneSimulator.Deploy.0 = Debug|Any CPU
		{91922C5B-6E30-4E0E-A633-57D4843108F8}.Release|Any CPU.ActiveCfg = Release|Any CPU
		{91922C5B-6E30-4E0E-A633-57D4843108F8}.Release|Any CPU.Build.0 = Release|Any CPU
		{91922C5B-6E30-4E0E-A633-57D4843108F8}.Release|Any CPU.Deploy.0 = Release|Any CPU
		{91922C5B-6E30-4E0E-A633-57D4843108F8}.Release|iPhone.ActiveCfg = Release|Any CPU
		{91922C5B-6E30-4E0E-A633-57D4843108F8}.Release|iPhone.Build.0 = Release|Any CPU
		{91922C5B-6E30-4E0E-A633-57D4843108F8}.Release|iPhone.Deploy.0 = Release|Any CPU
		{91922C5B-6E30-4E0E-A633-57D4843108F8}.Release|iPhoneSimulator.ActiveCfg = Release|Any CPU
		{91922C5B-6E30-4E0E-A633-57D4843108F8}.Release|iPhoneSimulator.Build.0 = Release|Any CPU
		{91922C5B-6E30-4E0E-A633-57D4843108F8}.Release|iPhoneSimulator.Deploy.0 = Release|Any CPU
		{31DB3518-639F-497F-B50A-21BC1FEBDEBB}.Debug|Any CPU.ActiveCfg = Debug|iPhone
		{31DB3518-639F-497F-B50A-21BC1FEBDEBB}.Debug|Any CPU.Build.0 = Debug|iPhone
		{31DB3518-639F-497F-B50A-21BC1FEBDEBB}.Debug|Any CPU.Deploy.0 = Debug|iPhone
		{31DB3518-639F-497F-B50A-21BC1FEBDEBB}.Debug|iPhone.ActiveCfg = Debug|iPhone
		{31DB3518-639F-497F-B50A-21BC1FEBDEBB}.Debug|iPhone.Build.0 = Debug|iPhone
		{31DB3518-639F-497F-B50A-21BC1FEBDEBB}.Debug|iPhone.Deploy.0 = Debug|iPhone
		{31DB3518-639F-497F-B50A-21BC1FEBDEBB}.Debug|iPhoneSimulator.ActiveCfg = Debug|iPhoneSimulator
		{31DB3518-639F-497F-B50A-21BC1FEBDEBB}.Debug|iPhoneSimulator.Build.0 = Debug|iPhoneSimulator
		{31DB3518-639F-497F-B50A-21BC1FEBDEBB}.Debug|iPhoneSimulator.Deploy.0 = Debug|iPhoneSimulator
		{31DB3518-639F-497F-B50A-21BC1FEBDEBB}.Release|Any CPU.ActiveCfg = Release|iPhoneSimulator
		{31DB3518-639F-497F-B50A-21BC1FEBDEBB}.Release|Any CPU.Build.0 = Release|iPhoneSimulator
		{31DB3518-639F-497F-B50A-21BC1FEBDEBB}.Release|Any CPU.Deploy.0 = Release|iPhoneSimulator
		{31DB3518-639F-497F-B50A-21BC1FEBDEBB}.Release|iPhone.ActiveCfg = Release|iPhone
		{31DB3518-639F-497F-B50A-21BC1FEBDEBB}.Release|iPhone.Build.0 = Release|iPhone
		{31DB3518-639F-497F-B50A-21BC1FEBDEBB}.Release|iPhone.Deploy.0 = Release|iPhone
		{31DB3518-639F-497F-B50A-21BC1FEBDEBB}.Release|iPhoneSimulator.ActiveCfg = Release|iPhoneSimulator
		{31DB3518-639F-497F-B50A-21BC1FEBDEBB}.Release|iPhoneSimulator.Build.0 = Release|iPhoneSimulator
		{31DB3518-639F-497F-B50A-21BC1FEBDEBB}.Release|iPhoneSimulator.Deploy.0 = Release|iPhoneSimulator
		{BDF24B6F-1C54-4B2F-AF85-0BD74336ED5D}.Debug|Any CPU.ActiveCfg = Debug|Any CPU
		{BDF24B6F-1C54-4B2F-AF85-0BD74336ED5D}.Debug|Any CPU.Build.0 = Debug|Any CPU
		{BDF24B6F-1C54-4B2F-AF85-0BD74336ED5D}.Debug|Any CPU.Deploy.0 = Debug|Any CPU
		{BDF24B6F-1C54-4B2F-AF85-0BD74336ED5D}.Debug|iPhone.ActiveCfg = Debug|Any CPU
		{BDF24B6F-1C54-4B2F-AF85-0BD74336ED5D}.Debug|iPhone.Build.0 = Debug|Any CPU
		{BDF24B6F-1C54-4B2F-AF85-0BD74336ED5D}.Debug|iPhone.Deploy.0 = Debug|Any CPU
		{BDF24B6F-1C54-4B2F-AF85-0BD74336ED5D}.Debug|iPhoneSimulator.ActiveCfg = Debug|Any CPU
		{BDF24B6F-1C54-4B2F-AF85-0BD74336ED5D}.Debug|iPhoneSimulator.Build.0 = Debug|Any CPU
		{BDF24B6F-1C54-4B2F-AF85-0BD74336ED5D}.Debug|iPhoneSimulator.Deploy.0 = Debug|Any CPU
		{BDF24B6F-1C54-4B2F-AF85-0BD74336ED5D}.Release|Any CPU.ActiveCfg = Release|Any CPU
		{BDF24B6F-1C54-4B2F-AF85-0BD74336ED5D}.Release|Any CPU.Build.0 = Release|Any CPU
		{BDF24B6F-1C54-4B2F-AF85-0BD74336ED5D}.Release|Any CPU.Deploy.0 = Release|Any CPU
		{BDF24B6F-1C54-4B2F-AF85-0BD74336ED5D}.Release|iPhone.ActiveCfg = Release|Any CPU
		{BDF24B6F-1C54-4B2F-AF85-0BD74336ED5D}.Release|iPhone.Build.0 = Release|Any CPU
		{BDF24B6F-1C54-4B2F-AF85-0BD74336ED5D}.Release|iPhone.Deploy.0 = Release|Any CPU
		{BDF24B6F-1C54-4B2F-AF85-0BD74336ED5D}.Release|iPhoneSimulator.ActiveCfg = Release|Any CPU
		{BDF24B6F-1C54-4B2F-AF85-0BD74336ED5D}.Release|iPhoneSimulator.Build.0 = Release|Any CPU
		{BDF24B6F-1C54-4B2F-AF85-0BD74336ED5D}.Release|iPhoneSimulator.Deploy.0 = Release|Any CPU
	EndGlobalSection
	GlobalSection(SolutionProperties) = preSolution
		HideSolutionNode = FALSE
	EndGlobalSection
	GlobalSection(ExtensibilityGlobals) = postSolution
		SolutionGuid = {DD8390F0-1858-4D05-904B-3A1D01DE8F95}
	EndGlobalSection
EndGlobal
